<?xml version="1.0" encoding="utf-8"?>
<Project ToolsVersion="4.0" xmlns="http://schemas.microsoft.com/developer/msbuild/2003">
  <ItemGroup>
    <Filter Include="소스 파일">
      <UniqueIdentifier>{4FC737F1-C7A5-4376-A066-2A32D752A2FF}</UniqueIdentifier>
      <Extensions>cpp;c;cc;cxx;def;odl;idl;hpj;bat;asm;asmx</Extensions>
    </Filter>
    <Filter Include="헤더 파일">
      <UniqueIdentifier>{93995380-89BD-4b04-88EB-625FBE52EBFB}</UniqueIdentifier>
      <Extensions>h;hh;hpp;hxx;hm;inl;inc;ipp;xsd</Extensions>
    </Filter>
    <Filter Include="리소스 파일">
      <UniqueIdentifier>{67DA6AB6-F800-4c08-8B7A-83BB121AAD01}</UniqueIdentifier>
      <Extensions>rc;ico;cur;bmp;dlg;rc2;rct;bin;rgs;gif;jpg;jpeg;jpe;resx;tiff;tif;png;wav;mfcribbon-ms</Extensions>
    </Filter>
    <Filter Include="헤더 파일\dialog">
      <UniqueIdentifier>{45a0385b-48ad-4fa7-a307-055259ad00b9}</UniqueIdentifier>
    </Filter>
    <Filter Include="소스 파일\dialog">
      <UniqueIdentifier>{41ad154b-aed0-47fe-8ffb-289b6b707487}</UniqueIdentifier>
    </Filter>
    <Filter Include="헤더 파일\network">
      <UniqueIdentifier>{1e1db3f0-6d53-4f54-8bae-444c56c067b3}</UniqueIdentifier>
    </Filter>
    <Filter Include="소스 파일\network">
      <UniqueIdentifier>{3c749907-7407-4ec4-9ed5-1238cceb6c32}</UniqueIdentifier>
    </Filter>
    <Filter Include="헤더 파일\debug">
      <UniqueIdentifier>{e6c247f1-5006-4564-9fd2-3e55c466d477}</UniqueIdentifier>
    </Filter>
    <Filter Include="소스 파일\debug">
      <UniqueIdentifier>{f561003c-a4d2-47a1-becf-4170e09dfe73}</UniqueIdentifier>
    </Filter>
  </ItemGroup>
  <ItemGroup>
    <ClCompile Include="main.cpp">
      <Filter>소스 파일</Filter>
    </ClCompile>
    <ClCompile Include="MainManager.cpp">
      <Filter>소스 파일</Filter>
    </ClCompile>
    <ClCompile Include="ProjectManager.cpp">
      <Filter>소스 파일</Filter>
    </ClCompile>
    <ClCompile Include="DialogManager.cpp">
      <Filter>소스 파일\dialog</Filter>
    </ClCompile>
    <ClCompile Include="Dialog.cpp">
      <Filter>소스 파일\dialog</Filter>
    </ClCompile>
    <ClCompile Include="EncryptManager.cpp">
      <Filter>소스 파일\network</Filter>
    </ClCompile>
    <ClCompile Include="TCPClient.cpp">
      <Filter>소스 파일\network</Filter>
    </ClCompile>
    <ClCompile Include="SocketGlobal.cpp">
      <Filter>소스 파일\network</Filter>
    </ClCompile>
    <ClCompile Include="MainDialog.cpp">
      <Filter>소스 파일\dialog</Filter>
    </ClCompile>
    <ClCompile Include="MatchingDialog.cpp">
      <Filter>소스 파일\dialog</Filter>
    </ClCompile>
    <ClCompile Include="Vector.cpp">
      <Filter>소스 파일</Filter>
    </ClCompile>
    <ClCompile Include="NetworkManager.cpp">
      <Filter>소스 파일\network</Filter>
    </ClCompile>
    <ClCompile Include="GameData.cpp">
      <Filter>소스 파일\debug</Filter>
    </ClCompile>
    <ClCompile Include="IOCPClient.cpp">
      <Filter>소스 파일\network</Filter>
    </ClCompile>
    <ClCompile Include="IOCPServer.cpp">
      <Filter>소스 파일\network</Filter>
    </ClCompile>
    <ClCompile Include="Packet.cpp">
      <Filter>소스 파일\network</Filter>
    </ClCompile>
  </ItemGroup>
  <ItemGroup>
    <ClInclude Include="Global.h">
      <Filter>헤더 파일</Filter>
    </ClInclude>
    <ClInclude Include="Dialog.h">
      <Filter>헤더 파일\dialog</Filter>
    </ClInclude>
    <ClInclude Include="DialogManager.h">
      <Filter>헤더 파일\dialog</Filter>
    </ClInclude>
    <ClInclude Include="TCPClient.h">
      <Filter>헤더 파일\network</Filter>
    </ClInclude>
    <ClInclude Include="SocketGlobal.h">
      <Filter>헤더 파일\network</Filter>
    </ClInclude>
    <ClInclude Include="Packet.h">
      <Filter>헤더 파일\network</Filter>
    </ClInclude>
    <ClInclude Include="NetworkException.h">
      <Filter>헤더 파일\network</Filter>
    </ClInclude>
    <ClInclude Include="EncryptManager.h">
      <Filter>헤더 파일\network</Filter>
    </ClInclude>
    <ClInclude Include="MainDialog.h">
      <Filter>헤더 파일\dialog</Filter>
    </ClInclude>
    <ClInclude Include="MatchingDialog.h">
      <Filter>헤더 파일\dialog</Filter>
    </ClInclude>
    <ClInclude Include="Vector.h">
      <Filter>헤더 파일</Filter>
    </ClInclude>
    <ClInclude Include="NetworkManager.h">
      <Filter>헤더 파일\network</Filter>
    </ClInclude>
    <ClInclude Include="ProjectManager.h">
      <Filter>헤더 파일\debug</Filter>
    </ClInclude>
    <ClInclude Include="MainManager.h">
      <Filter>헤더 파일\debug</Filter>
    </ClInclude>
    <ClInclude Include="resource.h">
      <Filter>헤더 파일\debug</Filter>
    </ClInclude>
    <ClInclude Include="GameData.h">
      <Filter>헤더 파일\debug</Filter>
    </ClInclude>
    <ClInclude Include="IOCPServer.h">
      <Filter>헤더 파일\network</Filter>
    </ClInclude>
    <ClInclude Include="IOCPClient.h">
      <Filter>헤더 파일\network</Filter>
    </ClInclude>
  </ItemGroup>
  <ItemGroup>
    <ResourceCompile Include="DebugClient.rc">
      <Filter>리소스 파일</Filter>
    </ResourceCompile>
  </ItemGroup>
  <ItemGroup>
    <None Include="resource.hm">
      <Filter>헤더 파일\debug</Filter>
    </None>
  </ItemGroup>
</Project>